
Microsoft Visual Studio Solution File, Format Version 12.00
# Visual Studio Version 16
VisualStudioVersion = 16.0.31424.327
MinimumVisualStudioVersion = 10.0.40219.1
Project("{FAE04EC0-301F-11D3-BF4B-00C04F79EFBC}") = "Shallik.Twitch.API", "Shallik.Twitch.API.csproj", "{D3C65271-23BC-4BD4-8C7D-BBCCF2F6CF43}"
EndProject
Project("{FAE04EC0-301F-11D3-BF4B-00C04F79EFBC}") = "Shallik.Twitch.Data", "..\Shallik.Twitch.Data\Shallik.Twitch.Data.csproj", "{5F82C546-2F01-4C82-AE21-373717773071}"
EndProject
Project("{FAE04EC0-301F-11D3-BF4B-00C04F79EFBC}") = "Shallik.Twitch.Business", "..\Shallik.Twitch.Business\Shallik.Twitch.Business.csproj", "{73230AAE-D9F1-412E-9236-5B0899C698DC}"
EndProject
Global
	GlobalSection(SolutionConfigurationPlatforms) = preSolution
		Debug|Any CPU = Debug|Any CPU
		Release|Any CPU = Release|Any CPU
	EndGlobalSection
	GlobalSection(ProjectConfigurationPlatforms) = postSolution
		{D3C65271-23BC-4BD4-8C7D-BBCCF2F6CF43}.Debug|Any CPU.ActiveCfg = Debug|Any CPU
		{D3C65271-23BC-4BD4-8C7D-BBCCF2F6CF43}.Debug|Any CPU.Build.0 = Debug|Any CPU
		{D3C65271-23BC-4BD4-8C7D-BBCCF2F6CF43}.Release|Any CPU.ActiveCfg = Release|Any CPU
		{D3C65271-23BC-4BD4-8C7D-BBCCF2F6CF43}.Release|Any CPU.Build.0 = Release|Any CPU
		{5F82C546-2F01-4C82-AE21-373717773071}.Debug|Any CPU.ActiveCfg = Debug|Any CPU
		{5F82C546-2F01-4C82-AE21-373717773071}.Debug|Any CPU.Build.0 = Debug|Any CPU
		{5F82C546-2F01-4C82-AE21-373717773071}.Release|Any CPU.ActiveCfg = Release|Any CPU
		{5F82C546-2F01-4C82-AE21-373717773071}.Release|Any CPU.Build.0 = Release|Any CPU
		{73230AAE-D9F1-412E-9236-5B0899C698DC}.Debug|Any CPU.ActiveCfg = Debug|Any CPU
		{73230AAE-D9F1-412E-9236-5B0899C698DC}.Debug|Any CPU.Build.0 = Debug|Any CPU
		{73230AAE-D9F1-412E-9236-5B0899C698DC}.Release|Any CPU.ActiveCfg = Release|Any CPU
		{73230AAE-D9F1-412E-9236-5B0899C698DC}.Release|Any CPU.Build.0 = Release|Any CPU
	EndGlobalSection
	GlobalSection(SolutionProperties) = preSolution
		HideSolutionNode = FALSE
	EndGlobalSection
	GlobalSection(ExtensibilityGlobals) = postSolution
		SolutionGuid = {05A43FED-283F-4147-A890-8B8D179EEBDB}
	EndGlobalSection
EndGlobal
